
Microsoft Visual Studio Solution File, Format Version 12.00
# Visual Studio Version 17
VisualStudioVersion = 17.13.35919.96 d17.13
MinimumVisualStudioVersion = 10.0.40219.1
Project("{FAE04EC0-301F-11D3-BF4B-00C04F79EFBC}") = "GUI_PolyCafe", "GUI_PolyCafe.csproj", "{81E74F36-39E9-4D04-A19A-1640C8E33FAE}"
EndProject
Project("{FAE04EC0-301F-11D3-BF4B-00C04F79EFBC}") = "DAL_PolyCafe", "..\DAL_PolyCafe\DAL_PolyCafe.csproj", "{FD218C57-587E-4AE9-99B9-F2432FE06C61}"
EndProject
Project("{FAE04EC0-301F-11D3-BF4B-00C04F79EFBC}") = "BLL_PolyCafe", "..\BLL_PolyCafe\BLL_PolyCafe.csproj", "{DDB6F4C4-EEAE-4B32-A0B4-3F4EC2027AD1}"
EndProject
Project("{FAE04EC0-301F-11D3-BF4B-00C04F79EFBC}") = "DTO_PolyCafe", "..\DTO_PolyCafe\DTO_PolyCafe.csproj", "{E261920C-CA68-480D-9E1B-6DC918571842}"
EndProject
Project("{FAE04EC0-301F-11D3-BF4B-00C04F79EFBC}") = "UTIL_PolyCafe", "..\UTIL_PolyCafe\UTIL_PolyCafe.csproj", "{5CAD447A-6165-4663-98B5-4D7A6F9B3790}"
EndProject
Global
	GlobalSection(SolutionConfigurationPlatforms) = preSolution
		Debug|Any CPU = Debug|Any CPU
		Release|Any CPU = Release|Any CPU
	EndGlobalSection
	GlobalSection(ProjectConfigurationPlatforms) = postSolution
		{81E74F36-39E9-4D04-A19A-1640C8E33FAE}.Debug|Any CPU.ActiveCfg = Debug|Any CPU
		{81E74F36-39E9-4D04-A19A-1640C8E33FAE}.Debug|Any CPU.Build.0 = Debug|Any CPU
		{81E74F36-39E9-4D04-A19A-1640C8E33FAE}.Release|Any CPU.ActiveCfg = Release|Any CPU
		{81E74F36-39E9-4D04-A19A-1640C8E33FAE}.Release|Any CPU.Build.0 = Release|Any CPU
		{FD218C57-587E-4AE9-99B9-F2432FE06C61}.Debug|Any CPU.ActiveCfg = Debug|Any CPU
		{FD218C57-587E-4AE9-99B9-F2432FE06C61}.Debug|Any CPU.Build.0 = Debug|Any CPU
		{FD218C57-587E-4AE9-99B9-F2432FE06C61}.Release|Any CPU.ActiveCfg = Release|Any CPU
		{FD218C57-587E-4AE9-99B9-F2432FE06C61}.Release|Any CPU.Build.0 = Release|Any CPU
		{DDB6F4C4-EEAE-4B32-A0B4-3F4EC2027AD1}.Debug|Any CPU.ActiveCfg = Debug|Any CPU
		{DDB6F4C4-EEAE-4B32-A0B4-3F4EC2027AD1}.Debug|Any CPU.Build.0 = Debug|Any CPU
		{DDB6F4C4-EEAE-4B32-A0B4-3F4EC2027AD1}.Release|Any CPU.ActiveCfg = Release|Any CPU
		{DDB6F4C4-EEAE-4B32-A0B4-3F4EC2027AD1}.Release|Any CPU.Build.0 = Release|Any CPU
		{E261920C-CA68-480D-9E1B-6DC918571842}.Debug|Any CPU.ActiveCfg = Debug|Any CPU
		{E261920C-CA68-480D-9E1B-6DC918571842}.Debug|Any CPU.Build.0 = Debug|Any CPU
		{E261920C-CA68-480D-9E1B-6DC918571842}.Release|Any CPU.ActiveCfg = Release|Any CPU
		{E261920C-CA68-480D-9E1B-6DC918571842}.Release|Any CPU.Build.0 = Release|Any CPU
		{5CAD447A-6165-4663-98B5-4D7A6F9B3790}.Debug|Any CPU.ActiveCfg = Debug|Any CPU
		{5CAD447A-6165-4663-98B5-4D7A6F9B3790}.Debug|Any CPU.Build.0 = Debug|Any CPU
		{5CAD447A-6165-4663-98B5-4D7A6F9B3790}.Release|Any CPU.ActiveCfg = Release|Any CPU
		{5CAD447A-6165-4663-98B5-4D7A6F9B3790}.Release|Any CPU.Build.0 = Release|Any CPU
	EndGlobalSection
	GlobalSection(SolutionProperties) = preSolution
		HideSolutionNode = FALSE
	EndGlobalSection
	GlobalSection(ExtensibilityGlobals) = postSolution
		SolutionGuid = {065796D0-A8B4-4215-87DB-47D17ACF4626}
	EndGlobalSection
EndGlobal
